# THIS IS AN AUTOGENERATED FILE. DO NOT EDIT THIS FILE DIRECTLY.
# yarn lockfile v1


"@aws-amplify/analytics@^1.3.4":
  version "1.3.4"
  resolved "https://registry.yarnpkg.com/@aws-amplify/analytics/-/analytics-1.3.4.tgz#0806dd9ff11cae1142d8bb03de500aacca26dc12"
  integrity sha512-ZRDAuoeHckMBHMjCHo3Agnw3TRuKCy8MPI2UPavKLjr1iPG37NuxGSBEnwQC8NW+lmzIEpmYurON+pEdqP+iiQ==
  dependencies:
    "@aws-amplify/cache" "^1.1.4"
    "@aws-amplify/core" "^1.2.4"
    uuid "^3.2.1"

"@aws-amplify/api@^1.2.4":
  version "1.2.4"
  resolved "https://registry.yarnpkg.com/@aws-amplify/api/-/api-1.2.4.tgz#a485b375f9613867e19f617c4721007900446386"
  integrity sha512-dyrTz4KaQek1O0Uh/Jf5QBoM72UN8RcOQG/x6FwMyTBuadArqAgUO8UOydSfkjOHxHPGNjn+Bl0tiW6GsapxJg==
  dependencies:
    "@aws-amplify/auth" "^1.5.0"
    "@aws-amplify/cache" "^1.1.4"
    "@aws-amplify/core" "^1.2.4"
    "@types/zen-observable" "^0.5.3"
    axios "^0.19.0"
    graphql "14.0.0"
    uuid "^3.2.1"
    zen-observable "^0.8.6"

"@aws-amplify/auth@^1.5.0":
  version "1.5.0"
  resolved "https://registry.yarnpkg.com/@aws-amplify/auth/-/auth-1.5.0.tgz#b8b0f804410bd3d708aa37a7775fbc086214b7c0"
  integrity sha512-dTk+5a0sTtWHGMbx575QHOFV6fBnDH/PPZinIObdWXA36rPDhxITYzy6ZvfCrOPUMcXEcEFDuqWP3u3kq5tjZA==
  dependencies:
    "@aws-amplify/cache" "^1.1.4"
    "@aws-amplify/core" "^1.2.4"
    amazon-cognito-identity-js "^3.2.0"
    crypto-js "^3.1.9-1"

"@aws-amplify/cache@^1.1.4":
  version "1.1.4"
  resolved "https://registry.yarnpkg.com/@aws-amplify/cache/-/cache-1.1.4.tgz#3d7a58bcca5eb96a03a7ff3727b0f74a7aeca3bf"
  integrity sha512-3wlRgY2JEkonwjk0Z8kNmZ0DkfbNxaLkKIMN1s6IXVuTUOrhA89ZeuHcqHRbm7oB1Z0h24wY+B6Ip962y7u77A==
  dependencies:
    "@aws-amplify/core" "^1.2.4"

"@aws-amplify/core@^1.2.4":
  version "1.2.4"
  resolved "https://registry.yarnpkg.com/@aws-amplify/core/-/core-1.2.4.tgz#4f00879ffefbb6e2e59029d96a491da44c1cae49"
  integrity sha512-IMtcA/VREJRnS1GDyuX2yvmdi5wcukBWkwIc3Sm9yHegMz5cwi5wb5vl2xxzQabIbSCeNofcoY0qZ3ocn4JNsg==
  dependencies:
    aws-sdk "2.518.0"
    url "^0.11.0"

"@aws-amplify/interactions@^1.1.4":
  version "1.1.4"
  resolved "https://registry.yarnpkg.com/@aws-amplify/interactions/-/interactions-1.1.4.tgz#be7ab8df1dbb9c65a935a3ac73272059d911dd38"
  integrity sha512-+f1lVg4expqEjEhfsCU2hW+6ffoyrJ08Q5Ih8QXpLCNlKMqzBgrvpa6jvzRGBghEkpE/T4bZkXcezNQ1cbIi1g==
  dependencies:
    "@aws-amplify/core" "^1.2.4"

"@aws-amplify/predictions@^1.1.4":
  version "1.1.4"
  resolved "https://registry.yarnpkg.com/@aws-amplify/predictions/-/predictions-1.1.4.tgz#79b561ceb24e59ec44d45cd0a39bda9634f5e34d"
  integrity sha512-XlKki9OQMBUiFrtyDa+PPcMzJaEk3kqosFpb2foW0AcSBzZyAJOrwMxGptUOpAhGQ5tdDSm4UUebtauUiHEI1w==
  dependencies:
    "@aws-amplify/core" "^1.2.4"
    "@aws-amplify/storage" "^1.2.4"
    "@aws-sdk/eventstream-marshaller" "0.1.0-preview.2"
    "@aws-sdk/util-utf8-node" "0.1.0-preview.1"
    uuid "^3.2.1"

"@aws-amplify/pubsub@^1.2.4":
  version "1.2.4"
  resolved "https://registry.yarnpkg.com/@aws-amplify/pubsub/-/pubsub-1.2.4.tgz#c42b243eb979a1f215b2297e53ce69fb04e73589"
  integrity sha512-oNi6grUNo6p1FdI8jO6Q/nSoTpyqcauMf23MUkyd00bFyegpmShN7+0NhmnJrs8O5uOXyG0AfObnLBIJFQumVg==
  dependencies:
    "@aws-amplify/core" "^1.2.4"
    "@types/zen-observable" "^0.5.3"
    paho-mqtt "^1.1.0"
    uuid "^3.2.1"
    zen-observable "^0.8.6"

"@aws-amplify/storage@^1.2.4":
  version "1.2.4"
  resolved "https://registry.yarnpkg.com/@aws-amplify/storage/-/storage-1.2.4.tgz#8ef3e5904e24ab222ea728a6fdec15b362f57b0d"
  integrity sha512-izTORVRX3Y8Zv91YAsxDsiJS5U6801uoJki32f2LL5/DC5Bl1QgEdsJyOc8gtBI5KspfdgP3oYUKNBMxhsdOcA==
  dependencies:
    "@aws-amplify/core" "^1.2.4"

"@aws-amplify/ui@^1.1.3":
  version "1.1.3"
  resolved "https://registry.yarnpkg.com/@aws-amplify/ui/-/ui-1.1.3.tgz#299770cf8340698ca96059a94213784d2319125f"
  integrity sha512-XSGsCTJKgrwRTYUjnGIkVhy+pEZ8DiNCxelJyj0mkst7PStqZG+TkaixA/OSFHscRRxTsO2CXFgVGFcgKWLAVA==

"@aws-amplify/xr@^0.2.4":
  version "0.2.4"
  resolved "https://registry.yarnpkg.com/@aws-amplify/xr/-/xr-0.2.4.tgz#a44f5e8e068b864d19073875005ba1e39e372e54"
  integrity sha512-Wj9YOoA/02yCY73rKyPsHn0jkV4GkquWZUz+lYx+pOVXdmDNuFjjcfbaC0ow42VenrECAYKA74I9D9gL2dcY+g==
  dependencies:
    "@aws-amplify/core" "^1.2.4"

"@aws-crypto/crc32@^0.1.0-preview.1":
  version "0.1.0-preview.1"
  resolved "https://registry.yarnpkg.com/@aws-crypto/crc32/-/crc32-0.1.0-preview.1.tgz#ff1ba13bccebbe92fcb2320b8e338ba53e0da598"
  integrity sha512-GPxlpx1ezlWAYygSfyGIsQ2/imDJgOYnpqwAFlU3H4KacIqX3LHpE5/Ps+s7nxiYtEFR9GvQhsN7VNDF5/FbHg==
  dependencies:
    tslib "^1.9.3"

"@aws-sdk/eventstream-marshaller@0.1.0-preview.2":
  version "0.1.0-preview.2"
  resolved "https://registry.yarnpkg.com/@aws-sdk/eventstream-marshaller/-/eventstream-marshaller-0.1.0-preview.2.tgz#494d0fa41c7a313a83209239006eb5f083af6fe9"
  integrity sha512-StNivqLMGk+6Blp7eBYgLvidD9HEhthzNz7dBBAQPELx3Nd3imodzSvckDw5ZkuWt6ViP+aAl8HgQvJmD71M5Q==
  dependencies:
    "@aws-crypto/crc32" "^0.1.0-preview.1"
    "@aws-sdk/types" "^0.1.0-preview.1"
    "@aws-sdk/util-hex-encoding" "^0.1.0-preview.1"
    tslib "^1.8.0"

"@aws-sdk/is-array-buffer@^0.1.0-preview.1":
  version "0.1.0-preview.1"
  resolved "https://registry.yarnpkg.com/@aws-sdk/is-array-buffer/-/is-array-buffer-0.1.0-preview.1.tgz#63cd8488faaf1a537817d0ef57fec3aa3bf030c4"
  integrity sha512-9Qrr9w6sNX19N0eO7JBYjp86OPcOyjDPe580L5ISDKo7XfuzK20IC2TeGTZ77okhRTsm8rF5UgP9scBu59jwoA==
  dependencies:
    tslib "^1.8.0"

"@aws-sdk/types@^0.1.0-preview.1":
  version "0.1.0-preview.1"
  resolved "https://registry.yarnpkg.com/@aws-sdk/types/-/types-0.1.0-preview.1.tgz#6119574f873ec9a8ee2e5c1fbfb3ddcc9059c2f3"
  integrity sha512-CcZpxyN2G0I7+Jyj0om3LafYX7d30JWJAAQ+53Ysjau7jyL/xLMMkLZgniQPV8BMV7uKLXyf4hwu8JSs0Ejb+w==

"@aws-sdk/util-buffer-from@^0.1.0-preview.1":
  version "0.1.0-preview.1"
  resolved "https://registry.yarnpkg.com/@aws-sdk/util-buffer-from/-/util-buffer-from-0.1.0-preview.1.tgz#b40c674044bf0997e0f170f692fbdaf7f5edd78c"
  integrity sha512-i46iuFQA05+92L/epK7befgoxw6DM38LnaHjHNxRoJeIYUllZvpJst74FRCJ5UvVOaMDvHO3woWG+dY8/KVABw==
  dependencies:
    "@aws-sdk/is-array-buffer" "^0.1.0-preview.1"
    tslib "^1.8.0"

"@aws-sdk/util-hex-encoding@^0.1.0-preview.1":
  version "0.1.0-preview.1"
  resolved "https://registry.yarnpkg.com/@aws-sdk/util-hex-encoding/-/util-hex-encoding-0.1.0-preview.1.tgz#198a5c351bb52baf7b80d5f3ce1cdd000e251bf5"
  integrity sha512-97ZMVcJpIXwOQN2RntPimav6G5iod/QHEbqGrmaECXyjXzSrexKHRYjpQAtmJ7geZTMsofoRSdj3qZCymjn7Uw==
  dependencies:
    tslib "^1.8.0"

"@aws-sdk/util-utf8-node@0.1.0-preview.1":
  version "0.1.0-preview.1"
  resolved "https://registry.yarnpkg.com/@aws-sdk/util-utf8-node/-/util-utf8-node-0.1.0-preview.1.tgz#f776a087039df1825b83d9d8680a47f8172721ca"
  integrity sha512-PSUsSJ0nnMPS389f0R3kIVR0BElnEb22Ofj40iO5HCtw9gZ1ot+enFdbOmW4m1e5+ED9U/Hqxqc7QhFWWF4NUQ==
  dependencies:
    "@aws-sdk/util-buffer-from" "^0.1.0-preview.1"
    tslib "^1.8.0"

"@babel/runtime@^7.1.2", "@babel/runtime@^7.4.0":
  version "7.6.3"
  resolved "https://registry.yarnpkg.com/@babel/runtime/-/runtime-7.6.3.tgz#935122c74c73d2240cafd32ddb5fc2a6cd35cf1f"
  integrity sha512-kq6anf9JGjW8Nt5rYfEuGRaEAaH1mkv3Bbu6rYvLOpPh/RusSJXuKPEAoZ7L7gybZkchE8+NV5g9vKF4AGAtsA==
  dependencies:
    regenerator-runtime "^0.13.2"

"@microsoft/load-themed-styles@^1.7.13":
  version "1.10.16"
  resolved "https://registry.yarnpkg.com/@microsoft/load-themed-styles/-/load-themed-styles-1.10.16.tgz#4762b89bd87e7ad47c170a30404eab8ca6f2c313"
  integrity sha512-S/d7Zx+ACN3Hu3BIAjWGefEu9xrLHUt2WRhd8WGJ3POkCQntCuyQmJhl72jJHFFGTKQc7iu3OCt4r7yTAOuwlQ==

"@types/history@*":
  version "4.7.3"
  resolved "https://registry.yarnpkg.com/@types/history/-/history-4.7.3.tgz#856c99cdc1551d22c22b18b5402719affec9839a"
  integrity sha512-cS5owqtwzLN5kY+l+KgKdRJ/Cee8tlmQoGQuIE9tWnSmS3JMKzmxo2HIAk2wODMifGwO20d62xZQLYz+RLfXmw==

"@types/prop-types@*":
  version "15.7.3"
  resolved "https://registry.yarnpkg.com/@types/prop-types/-/prop-types-15.7.3.tgz#2ab0d5da2e5815f94b0b9d4b95d1e5f243ab2ca7"
  integrity sha512-KfRL3PuHmqQLOG+2tGpRO26Ctg+Cq1E01D2DMriKEATHgWLfeNDmq9e29Q9WIky0dQ3NPkd1mzYH8Lm936Z9qw==

"@types/react-dom@16.9.3":
  version "16.9.3"
  resolved "https://registry.yarnpkg.com/@types/react-dom/-/react-dom-16.9.3.tgz#4006ff0e13958af91313869077c04cb20d9b9d04"
  integrity sha512-FUuZKXPr9qlzUT9lhuzrZgLjH63TvNn28Ch3MvKG4B+F52zQtO8DtE0Opbncy3xaucNZM2WIPfuNTgkbKx5Brg==
  dependencies:
    "@types/react" "*"

"@types/react-router-dom@5.1.3":
  version "5.1.3"
  resolved "https://registry.yarnpkg.com/@types/react-router-dom/-/react-router-dom-5.1.3.tgz#b5d28e7850bd274d944c0fbbe5d57e6b30d71196"
  integrity sha512-pCq7AkOvjE65jkGS5fQwQhvUp4+4PVD9g39gXLZViP2UqFiFzsEpB3PKf0O6mdbKsewSK8N14/eegisa/0CwnA==
  dependencies:
    "@types/history" "*"
    "@types/react" "*"
    "@types/react-router" "*"

"@types/react-router@*":
  version "5.1.2"
  resolved "https://registry.yarnpkg.com/@types/react-router/-/react-router-5.1.2.tgz#41e5e6aa333a7b9a2bfdac753c04e1ca4b3e0d21"
  integrity sha512-euC3SiwDg3NcjFdNmFL8uVuAFTpZJm0WMFUw+4eXMUnxa7M9RGFEG0szt0z+/Zgk4G2k9JBFhaEnY64RBiFmuw==
  dependencies:
    "@types/history" "*"
    "@types/react" "*"

"@types/react@*", "@types/react@16.9.11":
  version "16.9.11"
  resolved "https://registry.yarnpkg.com/@types/react/-/react-16.9.11.tgz#70e0b7ad79058a7842f25ccf2999807076ada120"
  integrity sha512-UBT4GZ3PokTXSWmdgC/GeCGEJXE5ofWyibCcecRLUVN2ZBpXQGVgQGtG2foS7CrTKFKlQVVswLvf7Js6XA/CVQ==
  dependencies:
    "@types/prop-types" "*"
    csstype "^2.2.0"

"@types/zen-observable@^0.5.3":
  version "0.5.4"
  resolved "https://registry.yarnpkg.com/@types/zen-observable/-/zen-observable-0.5.4.tgz#b863a4191e525206819e008097ebf0fb2e3a1cdc"
  integrity sha512-sW6xN96wUak4tgc89d0tbTg7QDGYhGv5hvQIS6h4mRCd8h2btiZ80loPU8cyLwsBbA4ZeQt0FjvUhJ4rNhdsGg==

"@uifabric/foundation@^7.4.4":
  version "7.4.4"
  resolved "https://registry.yarnpkg.com/@uifabric/foundation/-/foundation-7.4.4.tgz#f9e01b37710ee95b3f2e82418f480b8b3fd879a2"
  integrity sha512-I4zrJXq2B00+LIzxcCDyi3+lx/sm0DzDdSFvQQp3DS9eiL8TzcjZTneRr32TQuVlA0Q7nFQClIXjglEo8+quFA==
  dependencies:
    "@uifabric/merge-styles" "^7.7.0"
    "@uifabric/set-version" "^7.0.2"
    "@uifabric/styling" "^7.7.2"
    "@uifabric/utilities" "^7.4.0"
    tslib "^1.7.1"

"@uifabric/icons@^7.3.0":
  version "7.3.0"
  resolved "https://registry.yarnpkg.com/@uifabric/icons/-/icons-7.3.0.tgz#db5b418d1db1e3f05e92d71f2dc829aa6e239bdb"
  integrity sha512-wbcR8fJce20sPjsK2bbTC/cAZfAOFuE4dd4LHw194+8H+/dqotsowrQVp5Lu8aaHGQk+fXoiZmUy30WA9cAG4Q==
  dependencies:
    "@uifabric/set-version" "^7.0.2"
    "@uifabric/styling" "^7.7.1"
    tslib "^1.7.1"

"@uifabric/merge-styles@^7.7.0", "@uifabric/merge-styles@^7.8.0":
  version "7.8.0"
  resolved "https://registry.yarnpkg.com/@uifabric/merge-styles/-/merge-styles-7.8.0.tgz#d3deb2e1fa8185480af4a9958590c2e677407f69"
  integrity sha512-NISbWaU7msRBNTuVglLRRyhAwnXaOUc+7xWoP5Y9m4npaAfbDl9OtgYp5pGeNr9o07kiuZ3Dqt5NHot3idtIlw==
  dependencies:
    "@uifabric/set-version" "^7.0.2"
    tslib "^1.7.1"

"@uifabric/react-hooks@^7.0.1":
  version "7.0.1"
  resolved "https://registry.yarnpkg.com/@uifabric/react-hooks/-/react-hooks-7.0.1.tgz#aa0e9f17e13def6763de7671bd82210261222591"
  integrity sha512-cIr/ToLvc48D7A+XJrH/rHmSa/YmonvyFGHykFqHKiFSYiGKvc50GIyRJ/gkOUDuaaYVThWRwBQNOIMr3iFCYA==
  dependencies:
    "@uifabric/set-version" "^7.0.2"
    "@uifabric/utilities" "^7.0.10"
    tslib "^1.7.1"

"@uifabric/set-version@^7.0.2":
  version "7.0.2"
  resolved "https://registry.yarnpkg.com/@uifabric/set-version/-/set-version-7.0.2.tgz#9e2aede95e5cad58151e6ab0f94cc6efaef68c13"
  integrity sha512-3mQp7gqPOqphwX74j+N/lJEFeivKPv8ryY9QFXUxVPnrXNwpIkDW9Wk6CPqArzgGvQngRRKYD/PcyP5iuHN52A==
  dependencies:
    tslib "^1.7.1"

"@uifabric/styling@^7.7.1", "@uifabric/styling@^7.7.2":
  version "7.7.2"
  resolved "https://registry.yarnpkg.com/@uifabric/styling/-/styling-7.7.2.tgz#0dc3741b9f2f45efa270ba91780d5f49964409ed"
  integrity sha512-5xQbz5r4+XeWjb1omHara/1Hdk+dsNSUkZAw6sp/tnv/cGFea4+hMuSmSaTG6T78Osiy59UG+qw7Ax/spfr2EQ==
  dependencies:
    "@microsoft/load-themed-styles" "^1.7.13"
    "@uifabric/merge-styles" "^7.7.0"
    "@uifabric/set-version" "^7.0.2"
    "@uifabric/utilities" "^7.2.0"
    tslib "^1.7.1"

"@uifabric/utilities@^7.0.10", "@uifabric/utilities@^7.2.0", "@uifabric/utilities@^7.4.0", "@uifabric/utilities@^7.5.0":
  version "7.5.0"
  resolved "https://registry.yarnpkg.com/@uifabric/utilities/-/utilities-7.5.0.tgz#9e7eb2c73595bd105620eea507aeb1bafaba8f14"
  integrity sha512-h9XwZVaKyLN3Ss4G+bXFWsmCzExID/SKbO64XPjsCIhuxVYsTg6/hDrvyU4TCEx06/ehXfdHRmyjCYL1PNdDMg==
  dependencies:
    "@uifabric/merge-styles" "^7.7.0"
    "@uifabric/set-version" "^7.0.2"
    prop-types "^15.5.10"
    tslib "^1.7.1"

amazon-cognito-identity-js@^3.2.0:
  version "3.2.0"
  resolved "https://registry.yarnpkg.com/amazon-cognito-identity-js/-/amazon-cognito-identity-js-3.2.0.tgz#98905f5a5a21fffea70bf15e1fbf26d5dd913aca"
  integrity sha512-JAvKVW8lVCaOFl6H3NpQrwjIsg/6nbKMXwaPATmpbRkS0aVCTjluijsg3jANBKcBByscU5eIyh8l4Vc1+gmRyw==
  dependencies:
    buffer "4.9.1"
    crypto-js "^3.1.9-1"
    js-cookie "^2.1.4"

aws-amplify@^1.2.4:
  version "1.2.4"
  resolved "https://registry.yarnpkg.com/aws-amplify/-/aws-amplify-1.2.4.tgz#eea00f2de2ed53d08bd18a3b244c0b381bdcc977"
  integrity sha512-HTmjzSVm2B5K6u+dcMmb61fpVJGwJMiVqHx0zNGI1mpzRp/m0TwlY/6f63DNPvhfE5FV0Ze8vSHXpne3VEh5YQ==
  dependencies:
    "@aws-amplify/analytics" "^1.3.4"
    "@aws-amplify/api" "^1.2.4"
    "@aws-amplify/auth" "^1.5.0"
    "@aws-amplify/cache" "^1.1.4"
    "@aws-amplify/core" "^1.2.4"
    "@aws-amplify/interactions" "^1.1.4"
    "@aws-amplify/predictions" "^1.1.4"
    "@aws-amplify/pubsub" "^1.2.4"
    "@aws-amplify/storage" "^1.2.4"
    "@aws-amplify/ui" "^1.1.3"
    "@aws-amplify/xr" "^0.2.4"

aws-sdk@2.518.0:
  version "2.518.0"
  resolved "https://registry.yarnpkg.com/aws-sdk/-/aws-sdk-2.518.0.tgz#a0412cfcb41fd02e18d9e8b20c1dce356160fcc2"
  integrity sha512-hwtKKf93TFyd3qugDW54ElpkUXhPe+ArPIHadre6IAFjCJiv08L8DaZKLRyclDnKfTavKe+f/PhdSEYo1QUHiA==
  dependencies:
    buffer "4.9.1"
    events "1.1.1"
    ieee754 "1.1.8"
    jmespath "0.15.0"
    querystring "0.2.0"
    sax "1.2.1"
    url "0.10.3"
    uuid "3.3.2"
    xml2js "0.4.19"

axios@^0.19.0:
  version "0.19.0"
  resolved "https://registry.yarnpkg.com/axios/-/axios-0.19.0.tgz#8e09bff3d9122e133f7b8101c8fbdd00ed3d2ab8"
  integrity sha512-1uvKqKQta3KBxIz14F2v06AEHZ/dIoeKfbTRkK1E5oqjDnuEerLmYTgJB5AiQZHJcljpg1TuRzdjDR06qNk0DQ==
  dependencies:
    follow-redirects "1.5.10"
    is-buffer "^2.0.2"

base64-js@^1.0.2:
  version "1.3.1"
  resolved "https://registry.yarnpkg.com/base64-js/-/base64-js-1.3.1.tgz#58ece8cb75dd07e71ed08c736abc5fac4dbf8df1"
  integrity sha512-mLQ4i2QO1ytvGWFWmcngKO//JXAQueZvwEKtjgQFM4jIK0kU+ytMfplL8j+n5mspOfjHwoAg+9yhb7BwAHm36g==

buffer@4.9.1:
  version "4.9.1"
  resolved "https://registry.yarnpkg.com/buffer/-/buffer-4.9.1.tgz#6d1bb601b07a4efced97094132093027c95bc298"
  integrity sha1-bRu2AbB6TvztlwlBMgkwJ8lbwpg=
  dependencies:
    base64-js "^1.0.2"
    ieee754 "^1.1.4"
    isarray "^1.0.0"

crypto-js@^3.1.9-1:
  version "3.1.9-1"
  resolved "https://registry.yarnpkg.com/crypto-js/-/crypto-js-3.1.9-1.tgz#fda19e761fc077e01ffbfdc6e9fdfc59e8806cd8"
  integrity sha1-/aGedh/Ad+Af+/3G6f38WeiAbNg=

csstype@^2.2.0:
  version "2.6.7"
  resolved "https://registry.yarnpkg.com/csstype/-/csstype-2.6.7.tgz#20b0024c20b6718f4eda3853a1f5a1cce7f5e4a5"
  integrity sha512-9Mcn9sFbGBAdmimWb2gLVDtFJzeKtDGIr76TUqmjZrw9LFXBMSU70lcs+C0/7fyCd6iBDqmksUcCOUIkisPHsQ==

debug@=3.1.0:
  version "3.1.0"
  resolved "https://registry.yarnpkg.com/debug/-/debug-3.1.0.tgz#5bb5a0672628b64149566ba16819e61518c67261"
  integrity sha512-OX8XqP7/1a9cqkxYw2yXss15f26NKWBpDXQd0/uK/KPqdQhxbPa994hnzjcE2VqQpDslf55723cKPUOGSmMY3g==
  dependencies:
    ms "2.0.0"

events@1.1.1:
  version "1.1.1"
  resolved "https://registry.yarnpkg.com/events/-/events-1.1.1.tgz#9ebdb7635ad099c70dcc4c2a1f5004288e8bd924"
  integrity sha1-nr23Y1rQmccNzEwqH1AEKI6L2SQ=

find-up@^4.0.0:
  version "4.1.0"
  resolved "https://registry.yarnpkg.com/find-up/-/find-up-4.1.0.tgz#97afe7d6cdc0bc5928584b7c8d7b16e8a9aa5d19"
  integrity sha512-PpOwAdQ/YlXQ2vj8a3h8IipDuYRi3wceVQQGYWxNINccq40Anw7BlsEXCMbt1Zt+OLA6Fq9suIpIWD0OsnISlw==
  dependencies:
    locate-path "^5.0.0"
    path-exists "^4.0.0"

follow-redirects@1.5.10:
  version "1.5.10"
  resolved "https://registry.yarnpkg.com/follow-redirects/-/follow-redirects-1.5.10.tgz#7b7a9f9aea2fdff36786a94ff643ed07f4ff5e2a"
  integrity sha512-0V5l4Cizzvqt5D44aTXbFZz+FtyXV1vrDN6qrelxtfYQKW0KO0W2T/hkE8xvGa/540LkZlkaUjO4ailYTFtHVQ==
  dependencies:
    debug "=3.1.0"

graphql@14.0.0:
  version "14.0.0"
  resolved "https://registry.yarnpkg.com/graphql/-/graphql-14.0.0.tgz#4ee771c5266d08cb75df2d3ac41e8dd51ce3d599"
  integrity sha512-HGVcnO6B25YZcSt6ZsH6/N+XkYuPA7yMqJmlJ4JWxWlS4Tr8SHI56R1Ocs8Eor7V7joEZPRXPDH8RRdll1w44Q==
  dependencies:
    iterall "^1.2.2"

gud@^1.0.0:
  version "1.0.0"
  resolved "https://registry.yarnpkg.com/gud/-/gud-1.0.0.tgz#a489581b17e6a70beca9abe3ae57de7a499852c0"
  integrity sha512-zGEOVKFM5sVPPrYs7J5/hYEw2Pof8KCyOwyhG8sAF26mCAeUFAcYPu1mwB7hhpIP29zOIBaDqwuHdLp0jvZXjw==

history@^4.9.0:
  version "4.10.1"
  resolved "https://registry.yarnpkg.com/history/-/history-4.10.1.tgz#33371a65e3a83b267434e2b3f3b1b4c58aad4cf3"
  integrity sha512-36nwAD620w12kuzPAsyINPWJqlNbij+hpK1k9XRloDtym8mxzGYl2c17LnV6IAGB2Dmg4tEa7G7DlawS0+qjew==
  dependencies:
    "@babel/runtime" "^7.1.2"
    loose-envify "^1.2.0"
    resolve-pathname "^3.0.0"
    tiny-invariant "^1.0.2"
    tiny-warning "^1.0.0"
    value-equal "^1.0.1"

hoist-non-react-statics@^3.1.0:
  version "3.3.0"
  resolved "https://registry.yarnpkg.com/hoist-non-react-statics/-/hoist-non-react-statics-3.3.0.tgz#b09178f0122184fb95acf525daaecb4d8f45958b"
  integrity sha512-0XsbTXxgiaCDYDIWFcwkmerZPSwywfUqYmwT4jzewKTQSWoE6FCMoUVOeBJWK3E/CrWbxRG3m5GzY4lnIwGRBA==
  dependencies:
    react-is "^16.7.0"

ieee754@1.1.8:
  version "1.1.8"
  resolved "https://registry.yarnpkg.com/ieee754/-/ieee754-1.1.8.tgz#be33d40ac10ef1926701f6f08a2d86fbfd1ad3e4"
  integrity sha1-vjPUCsEO8ZJnAfbwii2G+/0a0+Q=

ieee754@^1.1.4:
  version "1.1.13"
  resolved "https://registry.yarnpkg.com/ieee754/-/ieee754-1.1.13.tgz#ec168558e95aa181fd87d37f55c32bbcb6708b84"
  integrity sha512-4vf7I2LYV/HaWerSo3XmlMkp5eZ83i+/CDluXi/IGTs/O1sejBNhTtnxzmRZfvOUqj7lZjqHkeTvpgSFDlWZTg==

is-buffer@^2.0.2:
  version "2.0.4"
  resolved "https://registry.yarnpkg.com/is-buffer/-/is-buffer-2.0.4.tgz#3e572f23c8411a5cfd9557c849e3665e0b290623"
  integrity sha512-Kq1rokWXOPXWuaMAqZiJW4XxsmD9zGx9q4aePabbn3qCRGedtH7Cm+zV8WETitMfu1wdh+Rvd6w5egwSngUX2A==

isarray@0.0.1:
  version "0.0.1"
  resolved "https://registry.yarnpkg.com/isarray/-/isarray-0.0.1.tgz#8a18acfca9a8f4177e09abfc6038939b05d1eedf"
  integrity sha1-ihis/Kmo9Bd+Cav8YDiTmwXR7t8=

isarray@^1.0.0:
  version "1.0.0"
  resolved "https://registry.yarnpkg.com/isarray/-/isarray-1.0.0.tgz#bb935d48582cba168c06834957a54a3e07124f11"
  integrity sha1-u5NdSFgsuhaMBoNJV6VKPgcSTxE=

iterall@^1.2.2:
  version "1.2.2"
  resolved "https://registry.yarnpkg.com/iterall/-/iterall-1.2.2.tgz#92d70deb8028e0c39ff3164fdbf4d8b088130cd7"
  integrity sha512-yynBb1g+RFUPY64fTrFv7nsjRrENBQJaX2UL+2Szc9REFrSNm1rpSXHGzhmAy7a9uv3vlvgBlXnf9RqmPH1/DA==

jmespath@0.15.0:
  version "0.15.0"
  resolved "https://registry.yarnpkg.com/jmespath/-/jmespath-0.15.0.tgz#a3f222a9aae9f966f5d27c796510e28091764217"
  integrity sha1-o/Iiqarp+Wb10nx5ZRDigJF2Qhc=

js-cookie@^2.1.4:
  version "2.2.1"
  resolved "https://registry.yarnpkg.com/js-cookie/-/js-cookie-2.2.1.tgz#69e106dc5d5806894562902aa5baec3744e9b2b8"
  integrity sha512-HvdH2LzI/EAZcUwA8+0nKNtWHqS+ZmijLA30RwZA0bo7ToCckjK5MkGhjED9KoRcXO6BaGI3I9UIzSA1FKFPOQ==

"js-tokens@^3.0.0 || ^4.0.0":
  version "4.0.0"
  resolved "https://registry.yarnpkg.com/js-tokens/-/js-tokens-4.0.0.tgz#19203fb59991df98e3a287050d4647cdeaf32499"
  integrity sha512-RdJUflcE3cUzKiMqQgsCu06FPu9UdIJO0beYbPhHN4k6apgJtifcoCtT9bcxOpYBtpD2kCM6Sbzg4CausW/PKQ==

locate-path@^5.0.0:
  version "5.0.0"
  resolved "https://registry.yarnpkg.com/locate-path/-/locate-path-5.0.0.tgz#1afba396afd676a6d42504d0a67a3a7eb9f62aa0"
  integrity sha512-t7hw9pI+WvuwNJXwk5zVHpyhIqzg2qTlklJOf0mVxGSbe3Fp2VieZcduNYjaLDoy6p9uGpQEGWG87WpMKlNq8g==
  dependencies:
    p-locate "^4.1.0"

loose-envify@^1.1.0, loose-envify@^1.2.0, loose-envify@^1.3.1, loose-envify@^1.4.0:
  version "1.4.0"
  resolved "https://registry.yarnpkg.com/loose-envify/-/loose-envify-1.4.0.tgz#71ee51fa7be4caec1a63839f7e682d8132d30caf"
  integrity sha512-lyuxPGr/Wfhrlem2CL/UcnUc1zcqKAImBDzukY7Y5F/yQiNdko6+fRLevlw1HgMySw7f611UIY408EtxRSoK3Q==
  dependencies:
    js-tokens "^3.0.0 || ^4.0.0"

mini-create-react-context@^0.3.0:
  version "0.3.2"
  resolved "https://registry.yarnpkg.com/mini-create-react-context/-/mini-create-react-context-0.3.2.tgz#79fc598f283dd623da8e088b05db8cddab250189"
  integrity sha512-2v+OeetEyliMt5VHMXsBhABoJ0/M4RCe7fatd/fBy6SMiKazUSEt3gxxypfnk2SHMkdBYvorHRoQxuGoiwbzAw==
  dependencies:
    "@babel/runtime" "^7.4.0"
    gud "^1.0.0"
    tiny-warning "^1.0.2"

ms@2.0.0:
  version "2.0.0"
  resolved "https://registry.yarnpkg.com/ms/-/ms-2.0.0.tgz#5608aeadfc00be6c2901df5f9861788de0d597c8"
  integrity sha1-VgiurfwAvmwpAd9fmGF4jeDVl8g=

object-assign@^4.1.1:
  version "4.1.1"
  resolved "https://registry.yarnpkg.com/object-assign/-/object-assign-4.1.1.tgz#2109adc7965887cfc05cbbd442cac8bfbb360863"
  integrity sha1-IQmtx5ZYh8/AXLvUQsrIv7s2CGM=

office-ui-fabric-react@^7.56.0:
  version "7.56.0"
  resolved "https://registry.yarnpkg.com/office-ui-fabric-react/-/office-ui-fabric-react-7.56.0.tgz#71d6e5dbae641d39c9a550b604ea2db61e477cf9"
  integrity sha512-H8DudF+nhTgIUwD82kSlvAK9pB1iLW6QF8QH5C3K3NIoiA3SOOi702Bbq5TwRwdRxwghw6c0hlV8aHDzrMMPUw==
  dependencies:
    "@microsoft/load-themed-styles" "^1.7.13"
    "@uifabric/foundation" "^7.4.4"
    "@uifabric/icons" "^7.3.0"
    "@uifabric/merge-styles" "^7.8.0"
    "@uifabric/react-hooks" "^7.0.1"
    "@uifabric/set-version" "^7.0.2"
    "@uifabric/styling" "^7.7.2"
    "@uifabric/utilities" "^7.5.0"
    prop-types "^15.5.10"
    tslib "^1.7.1"

p-limit@^2.2.0:
  version "2.2.1"
  resolved "https://registry.yarnpkg.com/p-limit/-/p-limit-2.2.1.tgz#aa07a788cc3151c939b5131f63570f0dd2009537"
  integrity sha512-85Tk+90UCVWvbDavCLKPOLC9vvY8OwEX/RtKF+/1OADJMVlFfEHOiMTPVyxg7mk/dKa+ipdHm0OUkTvCpMTuwg==
  dependencies:
    p-try "^2.0.0"

p-locate@^4.1.0:
  version "4.1.0"
  resolved "https://registry.yarnpkg.com/p-locate/-/p-locate-4.1.0.tgz#a3428bb7088b3a60292f66919278b7c297ad4f07"
  integrity sha512-R79ZZ/0wAxKGu3oYMlz8jy/kbhsNrS7SKZ7PxEHBgJ5+F2mtFW2fK2cOtBh1cHYkQsbzFV7I+EoRKe6Yt0oK7A==
  dependencies:
    p-limit "^2.2.0"

p-try@^2.0.0:
  version "2.2.0"
  resolved "https://registry.yarnpkg.com/p-try/-/p-try-2.2.0.tgz#cb2868540e313d61de58fafbe35ce9004d5540e6"
  integrity sha512-R4nPAVTAU0B9D35/Gk3uJf/7XYbQcyohSKdvAxIRSNghFl4e71hVoGnBNQz9cWaXxO2I10KTC+3jMdvvoKw6dQ==

paho-mqtt@^1.1.0:
  version "1.1.0"
  resolved "https://registry.yarnpkg.com/paho-mqtt/-/paho-mqtt-1.1.0.tgz#8c10e29eb162e966fb15188d965c3dce505de9d9"
  integrity sha512-KPbL9KAB0ASvhSDbOrZBaccXS+/s7/LIofbPyERww8hM5Ko71GUJQ6Nmg0BWqj8phAIT8zdf/Sd/RftHU9i2HA==

path-exists@^4.0.0:
  version "4.0.0"
  resolved "https://registry.yarnpkg.com/path-exists/-/path-exists-4.0.0.tgz#513bdbe2d3b95d7762e8c1137efa195c6c61b5b3"
  integrity sha512-ak9Qy5Q7jYb2Wwcey5Fpvg2KoAc/ZIhLSLOSBmRmygPsGwkVVt0fZa0qrtMz+m6tJTAHfZQ8FnmB4MG4LWy7/w==

path-to-regexp@^1.7.0:
  version "1.7.0"
  resolved "https://registry.yarnpkg.com/path-to-regexp/-/path-to-regexp-1.7.0.tgz#59fde0f435badacba103a84e9d3bc64e96b9937d"
  integrity sha1-Wf3g9DW62suhA6hOnTvGTpa5k30=
  dependencies:
    isarray "0.0.1"

prop-types@^15.5.10, prop-types@^15.6.2:
  version "15.7.2"
  resolved "https://registry.yarnpkg.com/prop-types/-/prop-types-15.7.2.tgz#52c41e75b8c87e72b9d9360e0206b99dcbffa6c5"
  integrity sha512-8QQikdH7//R2vurIJSutZ1smHYTcLpRWEOlHnzcWHmBYrOGUysKwSsrC89BCiFj3CbrfJ/nXFdJepOVrY1GCHQ==
  dependencies:
    loose-envify "^1.4.0"
    object-assign "^4.1.1"
    react-is "^16.8.1"

punycode@1.3.2:
  version "1.3.2"
  resolved "https://registry.yarnpkg.com/punycode/-/punycode-1.3.2.tgz#9653a036fb7c1ee42342f2325cceefea3926c48d"
  integrity sha1-llOgNvt8HuQjQvIyXM7v6jkmxI0=

querystring@0.2.0:
  version "0.2.0"
  resolved "https://registry.yarnpkg.com/querystring/-/querystring-0.2.0.tgz#b209849203bb25df820da756e747005878521620"
  integrity sha1-sgmEkgO7Jd+CDadW50cAWHhSFiA=

react-dom@^16.11.0:
  version "16.11.0"
  resolved "https://registry.yarnpkg.com/react-dom/-/react-dom-16.11.0.tgz#7e7c4a5a85a569d565c2462f5d345da2dd849af5"
  integrity sha512-nrRyIUE1e7j8PaXSPtyRKtz+2y9ubW/ghNgqKFHHAHaeP0fpF5uXR+sq8IMRHC+ZUxw7W9NyCDTBtwWxvkb0iA==
  dependencies:
    loose-envify "^1.1.0"
    object-assign "^4.1.1"
    prop-types "^15.6.2"
    scheduler "^0.17.0"

react-is@^16.6.0, react-is@^16.7.0, react-is@^16.8.1:
  version "16.11.0"
  resolved "https://registry.yarnpkg.com/react-is/-/react-is-16.11.0.tgz#b85dfecd48ad1ce469ff558a882ca8e8313928fa"
  integrity sha512-gbBVYR2p8mnriqAwWx9LbuUrShnAuSCNnuPGyc7GJrMVQtPDAh8iLpv7FRuMPFb56KkaVZIYSz1PrjI9q0QPCw==

react-router-dom@^5.1.2:
  version "5.1.2"
  resolved "https://registry.yarnpkg.com/react-router-dom/-/react-router-dom-5.1.2.tgz#06701b834352f44d37fbb6311f870f84c76b9c18"
  integrity sha512-7BPHAaIwWpZS074UKaw1FjVdZBSVWEk8IuDXdB+OkLb8vd/WRQIpA4ag9WQk61aEfQs47wHyjWUoUGGZxpQXew==
  dependencies:
    "@babel/runtime" "^7.1.2"
    history "^4.9.0"
    loose-envify "^1.3.1"
    prop-types "^15.6.2"
    react-router "5.1.2"
    tiny-invariant "^1.0.2"
    tiny-warning "^1.0.0"

react-router@5.1.2:
  version "5.1.2"
  resolved "https://registry.yarnpkg.com/react-router/-/react-router-5.1.2.tgz#6ea51d789cb36a6be1ba5f7c0d48dd9e817d3418"
  integrity sha512-yjEuMFy1ONK246B+rsa0cUam5OeAQ8pyclRDgpxuSCrAlJ1qN9uZ5IgyKC7gQg0w8OM50NXHEegPh/ks9YuR2A==
  dependencies:
    "@babel/runtime" "^7.1.2"
    history "^4.9.0"
    hoist-non-react-statics "^3.1.0"
    loose-envify "^1.3.1"
    mini-create-react-context "^0.3.0"
    path-to-regexp "^1.7.0"
    prop-types "^15.6.2"
    react-is "^16.6.0"
    tiny-invariant "^1.0.2"
    tiny-warning "^1.0.0"

react@^16.11.0:
  version "16.11.0"
  resolved "https://registry.yarnpkg.com/react/-/react-16.11.0.tgz#d294545fe62299ccee83363599bf904e4a07fdbb"
  integrity sha512-M5Y8yITaLmU0ynd0r1Yvfq98Rmll6q8AxaEe88c8e7LxO8fZ2cNgmFt0aGAS9wzf1Ao32NKXtCl+/tVVtkxq6g==
  dependencies:
    loose-envify "^1.1.0"
    object-assign "^4.1.1"
    prop-types "^15.6.2"

regenerator-runtime@^0.13.2:
  version "0.13.3"
  resolved "https://registry.yarnpkg.com/regenerator-runtime/-/regenerator-runtime-0.13.3.tgz#7cf6a77d8f5c6f60eb73c5fc1955b2ceb01e6bf5"
  integrity sha512-naKIZz2GQ8JWh///G7L3X6LaQUAMp2lvb1rvwwsURe/VXwD6VMfr+/1NuNw3ag8v2kY1aQ/go5SNn79O9JU7yw==

resolve-pathname@^3.0.0:
  version "3.0.0"
  resolved "https://registry.yarnpkg.com/resolve-pathname/-/resolve-pathname-3.0.0.tgz#99d02224d3cf263689becbb393bc560313025dcd"
  integrity sha512-C7rARubxI8bXFNB/hqcp/4iUeIXJhJZvFPFPiSPRnhU5UPxzMFIl+2E6yY6c4k9giDJAhtV+enfA+G89N6Csng==

sax@1.2.1:
  version "1.2.1"
  resolved "https://registry.yarnpkg.com/sax/-/sax-1.2.1.tgz#7b8e656190b228e81a66aea748480d828cd2d37a"
  integrity sha1-e45lYZCyKOgaZq6nSEgNgozS03o=

sax@>=0.6.0:
  version "1.2.4"
  resolved "https://registry.yarnpkg.com/sax/-/sax-1.2.4.tgz#2816234e2378bddc4e5354fab5caa895df7100d9"
  integrity sha512-NqVDv9TpANUjFm0N8uM5GxL36UgKi9/atZw+x7YFnQ8ckwFGKrl4xX4yWtrey3UJm5nP1kUbnYgLopqWNSRhWw==

scheduler@^0.17.0:
  version "0.17.0"
  resolved "https://registry.yarnpkg.com/scheduler/-/scheduler-0.17.0.tgz#7c9c673e4ec781fac853927916d1c426b6f3ddfe"
  integrity sha512-7rro8Io3tnCPuY4la/NuI5F2yfESpnfZyT6TtkXnSWVkcu0BCDJ+8gk5ozUaFaxpIyNuWAPXrH0yFcSi28fnDA==
  dependencies:
    loose-envify "^1.1.0"
    object-assign "^4.1.1"

tiny-invariant@^1.0.2:
  version "1.0.6"
  resolved "https://registry.yarnpkg.com/tiny-invariant/-/tiny-invariant-1.0.6.tgz#b3f9b38835e36a41c843a3b0907a5a7b3755de73"
  integrity sha512-FOyLWWVjG+aC0UqG76V53yAWdXfH8bO6FNmyZOuUrzDzK8DI3/JRY25UD7+g49JWM1LXwymsKERB+DzI0dTEQA==

tiny-warning@^1.0.0, tiny-warning@^1.0.2:
  version "1.0.3"
  resolved "https://registry.yarnpkg.com/tiny-warning/-/tiny-warning-1.0.3.tgz#94a30db453df4c643d0fd566060d60a875d84754"
  integrity sha512-lBN9zLN/oAf68o3zNXYrdCt1kP8WsiGW8Oo2ka41b2IM5JL/S1CTyX1rW0mb/zSuJun0ZUrDxx4sqvYS2FWzPA==

tslib@^1.7.1, tslib@^1.8.0, tslib@^1.9.3:
  version "1.10.0"
  resolved "https://registry.yarnpkg.com/tslib/-/tslib-1.10.0.tgz#c3c19f95973fb0a62973fb09d90d961ee43e5c8a"
  integrity sha512-qOebF53frne81cf0S9B41ByenJ3/IuH8yJKngAX35CmiZySA0khhkovshKK+jGCaMnVomla7gVlIcc3EvKPbTQ==

upbin@0.9.2:
  version "0.9.2"
  resolved "https://registry.yarnpkg.com/upbin/-/upbin-0.9.2.tgz#d7e548c23b599079cf4f334754e6f9b6b5490774"
  integrity sha512-s7b/IMho/tn2IqeY1D6izU2L5f1W16KzQj3Ri5/9D/4jc48Mkot7KVvBFXpvm6Q5rL5tyEb6iylGU+fyMLwX6g==
  dependencies:
    find-up "^4.0.0"

url@0.10.3:
  version "0.10.3"
  resolved "https://registry.yarnpkg.com/url/-/url-0.10.3.tgz#021e4d9c7705f21bbf37d03ceb58767402774c64"
  integrity sha1-Ah5NnHcF8hu/N9A861h2dAJ3TGQ=
  dependencies:
    punycode "1.3.2"
    querystring "0.2.0"

url@^0.11.0:
  version "0.11.0"
  resolved "https://registry.yarnpkg.com/url/-/url-0.11.0.tgz#3838e97cfc60521eb73c525a8e55bfdd9e2e28f1"
  integrity sha1-ODjpfPxgUh63PFJajlW/3Z4uKPE=
  dependencies:
    punycode "1.3.2"
    querystring "0.2.0"

uuid@3.3.2:
  version "3.3.2"
  resolved "https://registry.yarnpkg.com/uuid/-/uuid-3.3.2.tgz#1b4af4955eb3077c501c23872fc6513811587131"
  integrity sha512-yXJmeNaw3DnnKAOKJE51sL/ZaYfWJRl1pK9dr19YFCu0ObS231AB1/LbqTKRAQ5kw8A90rA6fr4riOUpTZvQZA==

uuid@^3.2.1:
  version "3.3.3"
  resolved "https://registry.yarnpkg.com/uuid/-/uuid-3.3.3.tgz#4568f0216e78760ee1dbf3a4d2cf53e224112866"
  integrity sha512-pW0No1RGHgzlpHJO1nsVrHKpOEIxkGg1xB+v0ZmdNH5OAeAwzAVrCnI2/6Mtx+Uys6iaylxa+D3g4j63IKKjSQ==

value-equal@^1.0.1:
  version "1.0.1"
  resolved "https://registry.yarnpkg.com/value-equal/-/value-equal-1.0.1.tgz#1e0b794c734c5c0cade179c437d356d931a34d6c"
  integrity sha512-NOJ6JZCAWr0zlxZt+xqCHNTEKOsrks2HQd4MqhP1qy4z1SkbEP467eNx6TgDKXMvUOb+OENfJCZwM+16n7fRfw==

xml2js@0.4.19:
  version "0.4.19"
  resolved "https://registry.yarnpkg.com/xml2js/-/xml2js-0.4.19.tgz#686c20f213209e94abf0d1bcf1efaa291c7827a7"
  integrity sha512-esZnJZJOiJR9wWKMyuvSE1y6Dq5LCuJanqhxslH2bxM6duahNZ+HMpCLhBQGZkbX6xRf8x1Y2eJlgt2q3qo49Q==
  dependencies:
    sax ">=0.6.0"
    xmlbuilder "~9.0.1"

xmlbuilder@~9.0.1:
  version "9.0.7"
  resolved "https://registry.yarnpkg.com/xmlbuilder/-/xmlbuilder-9.0.7.tgz#132ee63d2ec5565c557e20f4c22df9aca686b10d"
  integrity sha1-Ey7mPS7FVlxVfiD0wi35rKaGsQ0=

zen-observable@^0.8.6:
  version "0.8.14"
  resolved "https://registry.yarnpkg.com/zen-observable/-/zen-observable-0.8.14.tgz#d33058359d335bc0db1f0af66158b32872af3bf7"
  integrity sha512-kQz39uonEjEESwh+qCi83kcC3rZJGh4mrZW7xjkSQYXkq//JZHTtKo+6yuVloTgMtzsIWOJrjIrKvk/dqm0L5g==
